{
  "name": "jkcss-scss-customize",
  "lockfileVersion": 3,
  "requires": true,
  "packages": {
    "": {
      "dependencies": {
        "@jehankandy/jkcss": "^4.5.0"
      }
    },
    "node_modules/@jehankandy/jkcss": {
      "version": "4.5.0",
      "resolved": "https://registry.npmjs.org/@jehankandy/jkcss/-/jkcss-4.5.0.tgz",
      "integrity": "sha512-2omZXjYX49VRkteFTU21viBjnjQZI6UhD8MbEtBl7DwBbjkN8yfEqkcX/qLL2IvW/o+CYG35bfzhTpErNIOJLA=="
    }
  }
}
